
Microsoft Visual Studio Solution File, Format Version 12.00
# Visual Studio Version 16
VisualStudioVersion = 16.0.31424.327
MinimumVisualStudioVersion = 10.0.40219.1
Project("{FAE04EC0-301F-11D3-BF4B-00C04F79EFBC}") = "SqlToCSharp", "SqlToCSharp\SqlToCSharp.csproj", "{28E53D35-D3AA-4617-B41E-DBF6C0829161}"
EndProject
Global
	GlobalSection(SolutionConfigurationPlatforms) = preSolution
		Debug|Any CPU = Debug|Any CPU
		Release|Any CPU = Release|Any CPU
	EndGlobalSection
	GlobalSection(ProjectConfigurationPlatforms) = postSolution
		{28E53D35-D3AA-4617-B41E-DBF6C0829161}.Debug|Any CPU.ActiveCfg = Debug|Any CPU
		{28E53D35-D3AA-4617-B41E-DBF6C0829161}.Debug|Any CPU.Build.0 = Debug|Any CPU
		{28E53D35-D3AA-4617-B41E-DBF6C0829161}.Release|Any CPU.ActiveCfg = Release|Any CPU
		{28E53D35-D3AA-4617-B41E-DBF6C0829161}.Release|Any CPU.Build.0 = Release|Any CPU
	EndGlobalSection
	GlobalSection(SolutionProperties) = preSolution
		HideSolutionNode = FALSE
	EndGlobalSection
	GlobalSection(ExtensibilityGlobals) = postSolution
		SolutionGuid = {E6B1D42A-DA8C-4E19-B2C6-D02F762C02E1}
	EndGlobalSection
EndGlobal
